// !$*UTF8*$!
{
	archiveVersion = 1;
	classes = {
	};
	objectVersion = 46;
	objects = {

/* Begin PBXBuildFile section */
		904CE8B91A371803003F8622 /* ALSlide2.m in Sources */ = {isa = PBXBuildFile; fileRef = 904CE8B81A371803003F8622 /* ALSlide2.m */; };
		904CE8BC1A373669003F8622 /* ALSlide3.m in Sources */ = {isa = PBXBuildFile; fileRef = 904CE8BB1A373669003F8622 /* ALSlide3.m */; };
		904CE8BF1A373D33003F8622 /* ALSlide4.m in Sources */ = {isa = PBXBuildFile; fileRef = 904CE8BE1A373D33003F8622 /* ALSlide4.m */; };
		904CE8C21A37464A003F8622 /* ALSlide5.m in Sources */ = {isa = PBXBuildFile; fileRef = 904CE8C11A37464A003F8622 /* ALSlide5.m */; };
		90D9C7E71A0A8B8D009046E9 /* main.m in Sources */ = {isa = PBXBuildFile; fileRef = 90D9C7E61A0A8B8D009046E9 /* main.m */; };
		90D9C7EA1A0A8B8D009046E9 /* AppDelegate.m in Sources */ = {isa = PBXBuildFile; fileRef = 90D9C7E91A0A8B8D009046E9 /* AppDelegate.m */; };
		90D9C7ED1A0A8B8D009046E9 /* ALSlide1.m in Sources */ = {isa = PBXBuildFile; fileRef = 90D9C7EC1A0A8B8D009046E9 /* ALSlide1.m */; };
		90D9C7F01A0A8B8D009046E9 /* Main.storyboard in Resources */ = {isa = PBXBuildFile; fileRef = 90D9C7EE1A0A8B8D009046E9 /* Main.storyboard */; };
		90D9C7F21A0A8B8D009046E9 /* Images.xcassets in Resources */ = {isa = PBXBuildFile; fileRef = 90D9C7F11A0A8B8D009046E9 /* Images.xcassets */; };
		90D9C7F51A0A8B8D009046E9 /* LaunchScreen.xib in Resources */ = {isa = PBXBuildFile; fileRef = 90D9C7F31A0A8B8D009046E9 /* LaunchScreen.xib */; };
		90D9C8011A0A8B8E009046E9 /* AutolayoutTests.m in Sources */ = {isa = PBXBuildFile; fileRef = 90D9C8001A0A8B8E009046E9 /* AutolayoutTests.m */; };
/* End PBXBuildFile section */

/* Begin PBXContainerItemProxy section */
		90D9C7FB1A0A8B8E009046E9 /* PBXContainerItemProxy */ = {
			isa = PBXContainerItemProxy;
			containerPortal = 90D9C7D91A0A8B8D009046E9 /* Project object */;
			proxyType = 1;
			remoteGlobalIDString = 90D9C7E01A0A8B8D009046E9;
			remoteInfo = Autolayout;
		};
/* End PBXContainerItemProxy section */

/* Begin PBXFileReference section */
		904CE8B71A371803003F8622 /* ALSlide2.h */ = {isa = PBXFileReference; fileEncoding = 4; lastKnownFileType = sourcecode.c.h; path = ALSlide2.h; sourceTree = "<group>"; };
		904CE8B81A371803003F8622 /* ALSlide2.m */ = {isa = PBXFileReference; fileEncoding = 4; lastKnownFileType = sourcecode.c.objc; path = ALSlide2.m; sourceTree = "<group>"; };
		904CE8BA1A373669003F8622 /* ALSlide3.h */ = {isa = PBXFileReference; fileEncoding = 4; lastKnownFileType = sourcecode.c.h; path = ALSlide3.h; sourceTree = "<group>"; };
		904CE8BB1A373669003F8622 /* ALSlide3.m */ = {isa = PBXFileReference; fileEncoding = 4; lastKnownFileType = sourcecode.c.objc; path = ALSlide3.m; sourceTree = "<group>"; };
		904CE8BD1A373D33003F8622 /* ALSlide4.h */ = {isa = PBXFileReference; fileEncoding = 4; lastKnownFileType = sourcecode.c.h; path = ALSlide4.h; sourceTree = "<group>"; };
		904CE8BE1A373D33003F8622 /* ALSlide4.m */ = {isa = PBXFileReference; fileEncoding = 4; lastKnownFileType = sourcecode.c.objc; path = ALSlide4.m; sourceTree = "<group>"; };
		904CE8C01A37464A003F8622 /* ALSlide5.h */ = {isa = PBXFileReference; fileEncoding = 4; lastKnownFileType = sourcecode.c.h; path = ALSlide5.h; sourceTree = "<group>"; };
		904CE8C11A37464A003F8622 /* ALSlide5.m */ = {isa = PBXFileReference; fileEncoding = 4; lastKnownFileType = sourcecode.c.objc; path = ALSlide5.m; sourceTree = "<group>"; };
		90D9C7E11A0A8B8D009046E9 /* Autolayout.app */ = {isa = PBXFileReference; explicitFileType = wrapper.application; includeInIndex = 0; path = Autolayout.app; sourceTree = BUILT_PRODUCTS_DIR; };
		90D9C7E51A0A8B8D009046E9 /* Info.plist */ = {isa = PBXFileReference; lastKnownFileType = text.plist.xml; path = Info.plist; sourceTree = "<group>"; };
		90D9C7E61A0A8B8D009046E9 /* main.m */ = {isa = PBXFileReference; lastKnownFileType = sourcecode.c.objc; path = main.m; sourceTree = "<group>"; };
		90D9C7E81A0A8B8D009046E9 /* AppDelegate.h */ = {isa = PBXFileReference; lastKnownFileType = sourcecode.c.h; path = AppDelegate.h; sourceTree = "<group>"; };
		90D9C7E91A0A8B8D009046E9 /* AppDelegate.m */ = {isa = PBXFileReference; lastKnownFileType = sourcecode.c.objc; path = AppDelegate.m; sourceTree = "<group>"; };
		90D9C7EB1A0A8B8D009046E9 /* ALSlide1.h */ = {isa = PBXFileReference; lastKnownFileType = sourcecode.c.h; path = ALSlide1.h; sourceTree = "<group>"; };
		90D9C7EC1A0A8B8D009046E9 /* ALSlide1.m */ = {isa = PBXFileReference; lastKnownFileType = sourcecode.c.objc; path = ALSlide1.m; sourceTree = "<group>"; };
		90D9C7EF1A0A8B8D009046E9 /* Base */ = {isa = PBXFileReference; lastKnownFileType = file.storyboard; name = Base; path = Base.lproj/Main.storyboard; sourceTree = "<group>"; };
		90D9C7F11A0A8B8D009046E9 /* Images.xcassets */ = {isa = PBXFileReference; lastKnownFileType = folder.assetcatalog; path = Images.xcassets; sourceTree = "<group>"; };
		90D9C7F41A0A8B8D009046E9 /* Base */ = {isa = PBXFileReference; lastKnownFileType = file.xib; name = Base; path = Base.lproj/LaunchScreen.xib; sourceTree = "<group>"; };
		90D9C7FA1A0A8B8E009046E9 /* AutolayoutTests.xctest */ = {isa = PBXFileReference; explicitFileType = wrapper.cfbundle; includeInIndex = 0; path = AutolayoutTests.xctest; sourceTree = BUILT_PRODUCTS_DIR; };
		90D9C7FF1A0A8B8E009046E9 /* Info.plist */ = {isa = PBXFileReference; lastKnownFileType = text.plist.xml; path = Info.plist; sourceTree = "<group>"; };
		90D9C8001A0A8B8E009046E9 /* AutolayoutTests.m */ = {isa = PBXFileReference; lastKnownFileType = sourcecode.c.objc; path = AutolayoutTests.m; sourceTree = "<group>"; };
/* End PBXFileReference section */

/* Begin PBXFrameworksBuildPhase section */
		90D9C7DE1A0A8B8D009046E9 /* Frameworks */ = {
			isa = PBXFrameworksBuildPhase;
			buildActionMask = 2147483647;
			files = (
			);
			runOnlyForDeploymentPostprocessing = 0;
		};
		90D9C7F71A0A8B8E009046E9 /* Frameworks */ = {
			isa = PBXFrameworksBuildPhase;
			buildActionMask = 2147483647;
			files = (
			);
			runOnlyForDeploymentPostprocessing = 0;
		};
/* End PBXFrameworksBuildPhase section */

/* Begin PBXGroup section */
		90D9C7D81A0A8B8D009046E9 = {
			isa = PBXGroup;
			children = (
				90D9C7E31A0A8B8D009046E9 /* Autolayout */,
				90D9C7FD1A0A8B8E009046E9 /* AutolayoutTests */,
				90D9C7E21A0A8B8D009046E9 /* Products */,
			);
			sourceTree = "<group>";
		};
		90D9C7E21A0A8B8D009046E9 /* Products */ = {
			isa = PBXGroup;
			children = (
				90D9C7E11A0A8B8D009046E9 /* Autolayout.app */,
				90D9C7FA1A0A8B8E009046E9 /* AutolayoutTests.xctest */,
			);
			name = Products;
			sourceTree = "<group>";
		};
		90D9C7E31A0A8B8D009046E9 /* Autolayout */ = {
			isa = PBXGroup;
			children = (
				90D9C7E81A0A8B8D009046E9 /* AppDelegate.h */,
				90D9C7E91A0A8B8D009046E9 /* AppDelegate.m */,
				90D9C7EB1A0A8B8D009046E9 /* ALSlide1.h */,
				90D9C7EC1A0A8B8D009046E9 /* ALSlide1.m */,
				904CE8B71A371803003F8622 /* ALSlide2.h */,
				904CE8B81A371803003F8622 /* ALSlide2.m */,
				904CE8BA1A373669003F8622 /* ALSlide3.h */,
				904CE8BB1A373669003F8622 /* ALSlide3.m */,
				904CE8BD1A373D33003F8622 /* ALSlide4.h */,
				904CE8BE1A373D33003F8622 /* ALSlide4.m */,
				90D9C7EE1A0A8B8D009046E9 /* Main.storyboard */,
				90D9C7F11A0A8B8D009046E9 /* Images.xcassets */,
				90D9C7F31A0A8B8D009046E9 /* LaunchScreen.xib */,
				90D9C7E41A0A8B8D009046E9 /* Supporting Files */,
				904CE8C01A37464A003F8622 /* ALSlide5.h */,
				904CE8C11A37464A003F8622 /* ALSlide5.m */,
			);
			path = Autolayout;
			sourceTree = "<group>";
		};
		90D9C7E41A0A8B8D009046E9 /* Supporting Files */ = {
			isa = PBXGroup;
			children = (
				90D9C7E51A0A8B8D009046E9 /* Info.plist */,
				90D9C7E61A0A8B8D009046E9 /* main.m */,
			);
			name = "Supporting Files";
			sourceTree = "<group>";
		};
		90D9C7FD1A0A8B8E009046E9 /* AutolayoutTests */ = {
			isa = PBXGroup;
			children = (
				90D9C8001A0A8B8E009046E9 /* AutolayoutTests.m */,
				90D9C7FE1A0A8B8E009046E9 /* Supporting Files */,
			);
			path = AutolayoutTests;
			sourceTree = "<group>";
		};
		90D9C7FE1A0A8B8E009046E9 /* Supporting Files */ = {
			isa = PBXGroup;
			children = (
				90D9C7FF1A0A8B8E009046E9 /* Info.plist */,
			);
			name = "Supporting Files";
			sourceTree = "<group>";
		};
/* End PBXGroup section */

/* Begin PBXNativeTarget section */
		90D9C7E01A0A8B8D009046E9 /* Autolayout */ = {
			isa = PBXNativeTarget;
			buildConfigurationList = 90D9C8041A0A8B8E009046E9 /* Build configuration list for PBXNativeTarget "Autolayout" */;
			buildPhases = (
				90D9C7DD1A0A8B8D009046E9 /* Sources */,
				90D9C7DE1A0A8B8D009046E9 /* Frameworks */,
				90D9C7DF1A0A8B8D009046E9 /* Resources */,
			);
			buildRules = (
			);
			dependencies = (
			);
			name = Autolayout;
			productName = Autolayout;
			productReference = 90D9C7E11A0A8B8D009046E9 /* Autolayout.app */;
			productType = "com.apple.product-type.application";
		};
		90D9C7F91A0A8B8E009046E9 /* AutolayoutTests */ = {
			isa = PBXNativeTarget;
			buildConfigurationList = 90D9C8071A0A8B8E009046E9 /* Build configuration list for PBXNativeTarget "AutolayoutTests" */;
			buildPhases = (
				90D9C7F61A0A8B8E009046E9 /* Sources */,
				90D9C7F71A0A8B8E009046E9 /* Frameworks */,
				90D9C7F81A0A8B8E009046E9 /* Resources */,
			);
			buildRules = (
			);
			dependencies = (
				90D9C7FC1A0A8B8E009046E9 /* PBXTargetDependency */,
			);
			name = AutolayoutTests;
			productName = AutolayoutTests;
			productReference = 90D9C7FA1A0A8B8E009046E9 /* AutolayoutTests.xctest */;
			productType = "com.apple.product-type.bundle.unit-test";
		};
/* End PBXNativeTarget section */

/* Begin PBXProject section */
		90D9C7D91A0A8B8D009046E9 /* Project object */ = {
			isa = PBXProject;
			attributes = {
				LastUpgradeCheck = 0610;
				ORGANIZATIONNAME = "Michael Atkins-Spelling";
				TargetAttributes = {
					90D9C7E01A0A8B8D009046E9 = {
						CreatedOnToolsVersion = 6.1;
					};
					90D9C7F91A0A8B8E009046E9 = {
						CreatedOnToolsVersion = 6.1;
						TestTargetID = 90D9C7E01A0A8B8D009046E9;
					};
				};
			};
			buildConfigurationList = 90D9C7DC1A0A8B8D009046E9 /* Build configuration list for PBXProject "Autolayout" */;
			compatibilityVersion = "Xcode 3.2";
			developmentRegion = English;
			hasScannedForEncodings = 0;
			knownRegions = (
				en,
				Base,
			);
			mainGroup = 90D9C7D81A0A8B8D009046E9;
			productRefGroup = 90D9C7E21A0A8B8D009046E9 /* Products */;
			projectDirPath = "";
			projectRoot = "";
			targets = (
				90D9C7E01A0A8B8D009046E9 /* Autolayout */,
				90D9C7F91A0A8B8E009046E9 /* AutolayoutTests */,
			);
		};
/* End PBXProject section */

/* Begin PBXResourcesBuildPhase section */
		90D9C7DF1A0A8B8D009046E9 /* Resources */ = {
			isa = PBXResourcesBuildPhase;
			buildActionMask = 2147483647;
			files = (
				90D9C7F01A0A8B8D009046E9 /* Main.storyboard in Resources */,
				90D9C7F51A0A8B8D009046E9 /* LaunchScreen.xib in Resources */,
				90D9C7F21A0A8B8D009046E9 /* Images.xcassets in Resources */,
			);
			runOnlyForDeploymentPostprocessing = 0;
		};
		90D9C7F81A0A8B8E009046E9 /* Resources */ = {
			isa = PBXResourcesBuildPhase;
			buildActionMask = 2147483647;
			files = (
			);
			runOnlyForDeploymentPostprocessing = 0;
		};
/* End PBXResourcesBuildPhase section */

/* Begin PBXSourcesBuildPhase section */
		90D9C7DD1A0A8B8D009046E9 /* Sources */ = {
			isa = PBXSourcesBuildPhase;
			buildActionMask = 2147483647;
			files = (
				90D9C7ED1A0A8B8D009046E9 /* ALSlide1.m in Sources */,
				904CE8B91A371803003F8622 /* ALSlide2.m in Sources */,
				90D9C7EA1A0A8B8D009046E9 /* AppDelegate.m in Sources */,
				904CE8BF1A373D33003F8622 /* ALSlide4.m in Sources */,
				904CE8BC1A373669003F8622 /* ALSlide3.m in Sources */,
				904CE8C21A37464A003F8622 /* ALSlide5.m in Sources */,
				90D9C7E71A0A8B8D009046E9 /* main.m in Sources */,
			);
			runOnlyForDeploymentPostprocessing = 0;
		};
		90D9C7F61A0A8B8E009046E9 /* Sources */ = {
			isa = PBXSourcesBuildPhase;
			buildActionMask = 2147483647;
			files = (
				90D9C8011A0A8B8E009046E9 /* AutolayoutTests.m in Sources */,
			);
			runOnlyForDeploymentPostprocessing = 0;
		};
/* End PBXSourcesBuildPhase section */

/* Begin PBXTargetDependency section */
		90D9C7FC1A0A8B8E009046E9 /* PBXTargetDependency */ = {
			isa = PBXTargetDependency;
			target = 90D9C7E01A0A8B8D009046E9 /* Autolayout */;
			targetProxy = 90D9C7FB1A0A8B8E009046E9 /* PBXContainerItemProxy */;
		};
/* End PBXTargetDependency section */

/* Begin PBXVariantGroup section */
		90D9C7EE1A0A8B8D009046E9 /* Main.storyboard */ = {
			isa = PBXVariantGroup;
			children = (
				90D9C7EF1A0A8B8D009046E9 /* Base */,
			);
			name = Main.storyboard;
			sourceTree = "<group>";
		};
		90D9C7F31A0A8B8D009046E9 /* LaunchScreen.xib */ = {
			isa = PBXVariantGroup;
			children = (
				90D9C7F41A0A8B8D009046E9 /* Base */,
			);
			name = LaunchScreen.xib;
			sourceTree = "<group>";
		};
/* End PBXVariantGroup section */

/* Begin XCBuildConfiguration section */
		90D9C8021A0A8B8E009046E9 /* Debug */ = {
			isa = XCBuildConfiguration;
			buildSettings = {
				ALWAYS_SEARCH_USER_PATHS = NO;
				CLANG_CXX_LANGUAGE_STANDARD = "gnu++0x";
				CLANG_CXX_LIBRARY = "libc++";
				CLANG_ENABLE_MODULES = YES;
				CLANG_ENABLE_OBJC_ARC = YES;
				CLANG_WARN_BOOL_CONVERSION = YES;
				CLANG_WARN_CONSTANT_CONVERSION = YES;
				CLANG_WARN_DIRECT_OBJC_ISA_USAGE = YES_ERROR;
				CLANG_WARN_EMPTY_BODY = YES;
				CLANG_WARN_ENUM_CONVERSION = YES;
				CLANG_WARN_INT_CONVERSION = YES;
				CLANG_WARN_OBJC_ROOT_CLASS = YES_ERROR;
				CLANG_WARN_UNREACHABLE_CODE = YES;
				CLANG_WARN__DUPLICATE_METHOD_MATCH = YES;
				"CODE_SIGN_IDENTITY[sdk=iphoneos*]" = "iPhone Developer";
				COPY_PHASE_STRIP = NO;
				ENABLE_STRICT_OBJC_MSGSEND = YES;
				GCC_C_LANGUAGE_STANDARD = gnu99;
				GCC_DYNAMIC_NO_PIC = NO;
				GCC_OPTIMIZATION_LEVEL = 0;
				GCC_PREPROCESSOR_DEFINITIONS = (
					"DEBUG=1",
					"$(inherited)",
				);
				GCC_SYMBOLS_PRIVATE_EXTERN = NO;
				GCC_WARN_64_TO_32_BIT_CONVERSION = YES;
				GCC_WARN_ABOUT_RETURN_TYPE = YES_ERROR;
				GCC_WARN_UNDECLARED_SELECTOR = YES;
				GCC_WARN_UNINITIALIZED_AUTOS = YES_AGGRESSIVE;
				GCC_WARN_UNUSED_FUNCTION = YES;
				GCC_WARN_UNUSED_VARIABLE = YES;
				IPHONEOS_DEPLOYMENT_TARGET = 8.1;
				MTL_ENABLE_DEBUG_INFO = YES;
				ONLY_ACTIVE_ARCH = YES;
				SDKROOT = iphoneos;
				TARGETED_DEVICE_FAMILY = "1,2";
			};
			name = Debug;
		};
		90D9C8031A0A8B8E009046E9 /* Release */ = {
			isa = XCBuildConfiguration;
			buildSettings = {
				ALWAYS_SEARCH_USER_PATHS = NO;
				CLANG_CXX_LANGUAGE_STANDARD = "gnu++0x";
				CLANG_CXX_LIBRARY = "libc++";
				CLANG_ENABLE_MODULES = YES;
				CLANG_ENABLE_OBJC_ARC = YES;
				CLANG_WARN_BOOL_CONVERSION = YES;
				CLANG_WARN_CONSTANT_CONVERSION = YES;
				CLANG_WARN_DIRECT_OBJC_ISA_USAGE = YES_ERROR;
				CLANG_WARN_EMPTY_BODY = YES;
				CLANG_WARN_ENUM_CONVERSION = YES;
				CLANG_WARN_INT_CONVERSION = YES;
				CLANG_WARN_OBJC_ROOT_CLASS = YES_ERROR;
				CLANG_WARN_UNREACHABLE_CODE = YES;
				CLANG_WARN__DUPLICATE_METHOD_MATCH = YES;
				"CODE_SIGN_IDENTITY[sdk=iphoneos*]" = "iPhone Developer";
				COPY_PHASE_STRIP = YES;
				ENABLE_NS_ASSERTIONS = NO;
				ENABLE_STRICT_OBJC_MSGSEND = YES;
				GCC_C_LANGUAGE_STANDARD = gnu99;
				GCC_WARN_64_TO_32_BIT_CONVERSION = YES;
				GCC_WARN_ABOUT_RETURN_TYPE = YES_ERROR;
				GCC_WARN_UNDECLARED_SELECTOR = YES;
				GCC_WARN_UNINITIALIZED_AUTOS = YES_AGGRESSIVE;
				GCC_WARN_UNUSED_FUNCTION = YES;
				GCC_WARN_UNUSED_VARIABLE = YES;
				IPHONEOS_DEPLOYMENT_TARGET = 8.1;
				MTL_ENABLE_DEBUG_INFO = NO;
				SDKROOT = iphoneos;
				TARGETED_DEVICE_FAMILY = "1,2";
				VALIDATE_PRODUCT = YES;
			};
			name = Release;
		};
		90D9C8051A0A8B8E009046E9 /* Debug */ = {
			isa = XCBuildConfiguration;
			buildSettings = {
				ASSETCATALOG_COMPILER_APPICON_NAME = AppIcon;
				INFOPLIST_FILE = Autolayout/Info.plist;
				LD_RUNPATH_SEARCH_PATHS = "$(inherited) @executable_path/Frameworks";
				PRODUCT_NAME = "$(TARGET_NAME)";
			};
			name = Debug;
		};
		90D9C8061A0A8B8E009046E9 /* Release */ = {
			isa = XCBuildConfiguration;
			buildSettings = {
				ASSETCATALOG_COMPILER_APPICON_NAME = AppIcon;
				INFOPLIST_FILE = Autolayout/Info.plist;
				LD_RUNPATH_SEARCH_PATHS = "$(inherited) @executable_path/Frameworks";
				PRODUCT_NAME = "$(TARGET_NAME)";
			};
			name = Release;
		};
		90D9C8081A0A8B8E009046E9 /* Debug */ = {
			isa = XCBuildConfiguration;
			buildSettings = {
				BUNDLE_LOADER = "$(TEST_HOST)";
				FRAMEWORK_SEARCH_PATHS = (
					"$(SDKROOT)/Developer/Library/Frameworks",
					"$(inherited)",
				);
				GCC_PREPROCESSOR_DEFINITIONS = (
					"DEBUG=1",
					"$(inherited)",
				);
				INFOPLIST_FILE = AutolayoutTests/Info.plist;
				LD_RUNPATH_SEARCH_PATHS = "$(inherited) @executable_path/Frameworks @loader_path/Frameworks";
				PRODUCT_NAME = "$(TARGET_NAME)";
				TEST_HOST = "$(BUILT_PRODUCTS_DIR)/Autolayout.app/Autolayout";
			};
			name = Debug;
		};
		90D9C8091A0A8B8E009046E9 /* Release */ = {
			isa = XCBuildConfiguration;
			buildSettings = {
				BUNDLE_LOADER = "$(TEST_HOST)";
				FRAMEWORK_SEARCH_PATHS = (
					"$(SDKROOT)/Developer/Library/Frameworks",
					"$(inherited)",
				);
				INFOPLIST_FILE = AutolayoutTests/Info.plist;
				LD_RUNPATH_SEARCH_PATHS = "$(inherited) @executable_path/Frameworks @loader_path/Frameworks";
				PRODUCT_NAME = "$(TARGET_NAME)";
				TEST_HOST = "$(BUILT_PRODUCTS_DIR)/Autolayout.app/Autolayout";
			};
			name = Release;
		};
/* End XCBuildConfiguration section */

/* Begin XCConfigurationList section */
		90D9C7DC1A0A8B8D009046E9 /* Build configuration list for PBXProject "Autolayout" */ = {
			isa = XCConfigurationList;
			buildConfigurations = (
				90D9C8021A0A8B8E009046E9 /* Debug */,
				90D9C8031A0A8B8E009046E9 /* Release */,
			);
			defaultConfigurationIsVisible = 0;
			defaultConfigurationName = Release;
		};
		90D9C8041A0A8B8E009046E9 /* Build configuration list for PBXNativeTarget "Autolayout" */ = {
			isa = XCConfigurationList;
			buildConfigurations = (
				90D9C8051A0A8B8E009046E9 /* Debug */,
				90D9C8061A0A8B8E009046E9 /* Release */,
			);
			defaultConfigurationIsVisible = 0;
			defaultConfigurationName = Release;
		};
		90D9C8071A0A8B8E009046E9 /* Build configuration list for PBXNativeTarget "AutolayoutTests" */ = {
			isa = XCConfigurationList;
			buildConfigurations = (
				90D9C8081A0A8B8E009046E9 /* Debug */,
				90D9C8091A0A8B8E009046E9 /* Release */,
			);
			defaultConfigurationIsVisible = 0;
			defaultConfigurationName = Release;
		};
/* End XCConfigurationList section */
	};
	rootObject = 90D9C7D91A0A8B8D009046E9 /* Project object */;
}
